
Microsoft Visual Studio Solution File, Format Version 12.00
# Visual Studio Version 17
VisualStudioVersion = 17.7.34202.233
MinimumVisualStudioVersion = 10.0.40219.1
Project("{FAE04EC0-301F-11D3-BF4B-00C04F79EFBC}") = "PleaseWorkFirewall", "PleaseWorkFirewall\PleaseWorkFirewall.csproj", "{A41C6BD8-DD50-4473-9359-F10B0823E95C}"
EndProject
Global
	GlobalSection(SolutionConfigurationPlatforms) = preSolution
		Debug|Any CPU = Debug|Any CPU
		Release|Any CPU = Release|Any CPU
	EndGlobalSection
	GlobalSection(ProjectConfigurationPlatforms) = postSolution
		{A41C6BD8-DD50-4473-9359-F10B0823E95C}.Debug|Any CPU.ActiveCfg = Debug|Any CPU
		{A41C6BD8-DD50-4473-9359-F10B0823E95C}.Debug|Any CPU.Build.0 = Debug|Any CPU
		{A41C6BD8-DD50-4473-9359-F10B0823E95C}.Release|Any CPU.ActiveCfg = Release|Any CPU
		{A41C6BD8-DD50-4473-9359-F10B0823E95C}.Release|Any CPU.Build.0 = Release|Any CPU
	EndGlobalSection
	GlobalSection(SolutionProperties) = preSolution
		HideSolutionNode = FALSE
	EndGlobalSection
	GlobalSection(ExtensibilityGlobals) = postSolution
		SolutionGuid = {6A0AE1C4-BD9A-47A2-BC98-7E7B0859C698}
	EndGlobalSection
EndGlobal
